// !$*UTF8*$!
{
	archiveVersion = 1;
	classes = {
	};
	objectVersion = 56;
	objects = {

/* Begin PBXBuildFile section */
		7713DD0B29E3DBBD0032DA51 /* Title.swift in Sources */ = {isa = PBXBuildFile; fileRef = 7713DD0A29E3DBBD0032DA51 /* Title.swift */; };
		7713DD0D29E3E0B40032DA51 /* Extensions.swift in Sources */ = {isa = PBXBuildFile; fileRef = 7713DD0C29E3E0B40032DA51 /* Extensions.swift */; };
		77406E2029DD4C8800D2A8FE /* AppDelegate.swift in Sources */ = {isa = PBXBuildFile; fileRef = 77406E1F29DD4C8800D2A8FE /* AppDelegate.swift */; };
		77406E2229DD4C8800D2A8FE /* SceneDelegate.swift in Sources */ = {isa = PBXBuildFile; fileRef = 77406E2129DD4C8800D2A8FE /* SceneDelegate.swift */; };
		77406E2429DD4C8800D2A8FE /* MainTabBarViewController.swift in Sources */ = {isa = PBXBuildFile; fileRef = 77406E2329DD4C8800D2A8FE /* MainTabBarViewController.swift */; };
		77406E2929DD4C8A00D2A8FE /* Assets.xcassets in Resources */ = {isa = PBXBuildFile; fileRef = 77406E2829DD4C8A00D2A8FE /* Assets.xcassets */; };
		77406E2C29DD4C8A00D2A8FE /* LaunchScreen.storyboard in Resources */ = {isa = PBXBuildFile; fileRef = 77406E2A29DD4C8A00D2A8FE /* LaunchScreen.storyboard */; };
		77406E3529DD4E9600D2A8FE /* HomeViewController.swift in Sources */ = {isa = PBXBuildFile; fileRef = 77406E3429DD4E9600D2A8FE /* HomeViewController.swift */; };
		77406E3729DD4F1000D2A8FE /* UpcomingViewController.swift in Sources */ = {isa = PBXBuildFile; fileRef = 77406E3629DD4F1000D2A8FE /* UpcomingViewController.swift */; };
		77406E3929DD4F6B00D2A8FE /* SearchViewController.swift in Sources */ = {isa = PBXBuildFile; fileRef = 77406E3829DD4F6B00D2A8FE /* SearchViewController.swift */; };
		77406E3B29DD4FD300D2A8FE /* DownloadsViewController.swift in Sources */ = {isa = PBXBuildFile; fileRef = 77406E3A29DD4FD300D2A8FE /* DownloadsViewController.swift */; };
		7740A2B429E013580022AD1F /* APICaller.swift in Sources */ = {isa = PBXBuildFile; fileRef = 7740A2B329E013580022AD1F /* APICaller.swift */; };
		778C8B6029ED5CD300981338 /* DataPersistenceManager.swift in Sources */ = {isa = PBXBuildFile; fileRef = 778C8B5F29ED5CD300981338 /* DataPersistenceManager.swift */; };
		778C8B6229ED5D0400981338 /* YoutubeSearchResponse.swift in Sources */ = {isa = PBXBuildFile; fileRef = 778C8B6129ED5D0400981338 /* YoutubeSearchResponse.swift */; };
		778C8B6429ED5D8300981338 /* TitleCollectionViewCell.swift in Sources */ = {isa = PBXBuildFile; fileRef = 778C8B6329ED5D8300981338 /* TitleCollectionViewCell.swift */; };
		778C8B6729ED5DA300981338 /* SDWebImage in Frameworks */ = {isa = PBXBuildFile; productRef = 778C8B6629ED5DA300981338 /* SDWebImage */; };
		778C8B6929ED5DA300981338 /* SDWebImageMapKit in Frameworks */ = {isa = PBXBuildFile; productRef = 778C8B6829ED5DA300981338 /* SDWebImageMapKit */; };
		778C8B6B29ED5E4600981338 /* TitleTableViewCell.swift in Sources */ = {isa = PBXBuildFile; fileRef = 778C8B6A29ED5E4600981338 /* TitleTableViewCell.swift */; };
		778C8B6D29ED5E6400981338 /* TitleViewModel.swift in Sources */ = {isa = PBXBuildFile; fileRef = 778C8B6C29ED5E6400981338 /* TitleViewModel.swift */; };
		778C8B6F29ED5E7400981338 /* TitlePreviewViewModel.swift in Sources */ = {isa = PBXBuildFile; fileRef = 778C8B6E29ED5E7400981338 /* TitlePreviewViewModel.swift */; };
		778C8B7329EE756400981338 /* SearchResultsViewController.swift in Sources */ = {isa = PBXBuildFile; fileRef = 778C8B7229EE756400981338 /* SearchResultsViewController.swift */; };
		778C8B7529EE75D400981338 /* TitlePreviewViewController.swift in Sources */ = {isa = PBXBuildFile; fileRef = 778C8B7429EE75D400981338 /* TitlePreviewViewController.swift */; };
		778C8B7829EE7CA700981338 /* NetflixCloneModel.xcdatamodeld in Sources */ = {isa = PBXBuildFile; fileRef = 778C8B7629EE7CA700981338 /* NetflixCloneModel.xcdatamodeld */; };
		77E0C00729DD81F000A02004 /* CollectionViewTableViewCell.swift in Sources */ = {isa = PBXBuildFile; fileRef = 77E0C00629DD81F000A02004 /* CollectionViewTableViewCell.swift */; };
		77E0C00929DD953E00A02004 /* HeroHeaderUIView.swift in Sources */ = {isa = PBXBuildFile; fileRef = 77E0C00829DD953E00A02004 /* HeroHeaderUIView.swift */; };
/* End PBXBuildFile section */

/* Begin PBXFileReference section */
		7713DD0A29E3DBBD0032DA51 /* Title.swift */ = {isa = PBXFileReference; lastKnownFileType = sourcecode.swift; path = Title.swift; sourceTree = "<group>"; };
		7713DD0C29E3E0B40032DA51 /* Extensions.swift */ = {isa = PBXFileReference; lastKnownFileType = sourcecode.swift; path = Extensions.swift; sourceTree = "<group>"; };
		77406E1C29DD4C8800D2A8FE /* NetflixClone.app */ = {isa = PBXFileReference; explicitFileType = wrapper.application; includeInIndex = 0; path = NetflixClone.app; sourceTree = BUILT_PRODUCTS_DIR; };
		77406E1F29DD4C8800D2A8FE /* AppDelegate.swift */ = {isa = PBXFileReference; lastKnownFileType = sourcecode.swift; path = AppDelegate.swift; sourceTree = "<group>"; };
		77406E2129DD4C8800D2A8FE /* SceneDelegate.swift */ = {isa = PBXFileReference; lastKnownFileType = sourcecode.swift; path = SceneDelegate.swift; sourceTree = "<group>"; };
		77406E2329DD4C8800D2A8FE /* MainTabBarViewController.swift */ = {isa = PBXFileReference; lastKnownFileType = sourcecode.swift; path = MainTabBarViewController.swift; sourceTree = "<group>"; };
		77406E2829DD4C8A00D2A8FE /* Assets.xcassets */ = {isa = PBXFileReference; lastKnownFileType = folder.assetcatalog; path = Assets.xcassets; sourceTree = "<group>"; };
		77406E2B29DD4C8A00D2A8FE /* Base */ = {isa = PBXFileReference; lastKnownFileType = file.storyboard; name = Base; path = Base.lproj/LaunchScreen.storyboard; sourceTree = "<group>"; };
		77406E2D29DD4C8A00D2A8FE /* Info.plist */ = {isa = PBXFileReference; lastKnownFileType = text.plist.xml; path = Info.plist; sourceTree = "<group>"; };
		77406E3429DD4E9600D2A8FE /* HomeViewController.swift */ = {isa = PBXFileReference; lastKnownFileType = sourcecode.swift; path = HomeViewController.swift; sourceTree = "<group>"; };
		77406E3629DD4F1000D2A8FE /* UpcomingViewController.swift */ = {isa = PBXFileReference; lastKnownFileType = sourcecode.swift; path = UpcomingViewController.swift; sourceTree = "<group>"; };
		77406E3829DD4F6B00D2A8FE /* SearchViewController.swift */ = {isa = PBXFileReference; lastKnownFileType = sourcecode.swift; path = SearchViewController.swift; sourceTree = "<group>"; };
		77406E3A29DD4FD300D2A8FE /* DownloadsViewController.swift */ = {isa = PBXFileReference; lastKnownFileType = sourcecode.swift; path = DownloadsViewController.swift; sourceTree = "<group>"; };
		7740A2B329E013580022AD1F /* APICaller.swift */ = {isa = PBXFileReference; lastKnownFileType = sourcecode.swift; path = APICaller.swift; sourceTree = "<group>"; };
		778C8B5F29ED5CD300981338 /* DataPersistenceManager.swift */ = {isa = PBXFileReference; lastKnownFileType = sourcecode.swift; path = DataPersistenceManager.swift; sourceTree = "<group>"; };
		778C8B6129ED5D0400981338 /* YoutubeSearchResponse.swift */ = {isa = PBXFileReference; lastKnownFileType = sourcecode.swift; path = YoutubeSearchResponse.swift; sourceTree = "<group>"; };
		778C8B6329ED5D8300981338 /* TitleCollectionViewCell.swift */ = {isa = PBXFileReference; lastKnownFileType = sourcecode.swift; path = TitleCollectionViewCell.swift; sourceTree = "<group>"; };
		778C8B6A29ED5E4600981338 /* TitleTableViewCell.swift */ = {isa = PBXFileReference; lastKnownFileType = sourcecode.swift; path = TitleTableViewCell.swift; sourceTree = "<group>"; };
		778C8B6C29ED5E6400981338 /* TitleViewModel.swift */ = {isa = PBXFileReference; lastKnownFileType = sourcecode.swift; name = TitleViewModel.swift; path = NetflixClone/Views/TitleViewModel.swift; sourceTree = SOURCE_ROOT; };
		778C8B6E29ED5E7400981338 /* TitlePreviewViewModel.swift */ = {isa = PBXFileReference; lastKnownFileType = sourcecode.swift; name = TitlePreviewViewModel.swift; path = NetflixClone/Views/TitlePreviewViewModel.swift; sourceTree = SOURCE_ROOT; };
		778C8B7229EE756400981338 /* SearchResultsViewController.swift */ = {isa = PBXFileReference; fileEncoding = 4; lastKnownFileType = sourcecode.swift; path = SearchResultsViewController.swift; sourceTree = "<group>"; };
		778C8B7429EE75D400981338 /* TitlePreviewViewController.swift */ = {isa = PBXFileReference; fileEncoding = 4; lastKnownFileType = sourcecode.swift; path = TitlePreviewViewController.swift; sourceTree = "<group>"; };
		778C8B7729EE7CA700981338 /* NetflixCloneModel.xcdatamodel */ = {isa = PBXFileReference; lastKnownFileType = wrapper.xcdatamodel; path = NetflixCloneModel.xcdatamodel; sourceTree = "<group>"; };
		77E0C00629DD81F000A02004 /* CollectionViewTableViewCell.swift */ = {isa = PBXFileReference; lastKnownFileType = sourcecode.swift; path = CollectionViewTableViewCell.swift; sourceTree = "<group>"; };
		77E0C00829DD953E00A02004 /* HeroHeaderUIView.swift */ = {isa = PBXFileReference; lastKnownFileType = sourcecode.swift; path = HeroHeaderUIView.swift; sourceTree = "<group>"; };
/* End PBXFileReference section */

/* Begin PBXFrameworksBuildPhase section */
		77406E1929DD4C8800D2A8FE /* Frameworks */ = {
			isa = PBXFrameworksBuildPhase;
			buildActionMask = 2147483647;
			files = (
				778C8B6929ED5DA300981338 /* SDWebImageMapKit in Frameworks */,
				778C8B6729ED5DA300981338 /* SDWebImage in Frameworks */,
			);
			runOnlyForDeploymentPostprocessing = 0;
		};
/* End PBXFrameworksBuildPhase section */

/* Begin PBXGroup section */
		77406E1329DD4C8800D2A8FE = {
			isa = PBXGroup;
			children = (
				77406E1E29DD4C8800D2A8FE /* NetflixClone */,
				77406E1D29DD4C8800D2A8FE /* Products */,
			);
			sourceTree = "<group>";
		};
		77406E1D29DD4C8800D2A8FE /* Products */ = {
			isa = PBXGroup;
			children = (
				77406E1C29DD4C8800D2A8FE /* NetflixClone.app */,
			);
			name = Products;
			sourceTree = "<group>";
		};
		77406E1E29DD4C8800D2A8FE /* NetflixClone */ = {
			isa = PBXGroup;
			children = (
				77E0C00529DD818B00A02004 /* Managers */,
				77E0C00429DD817400A02004 /* Recources */,
				77E0C00329DD813100A02004 /* Models */,
				77E0C00129DD811300A02004 /* Views */,
				77E0C00229DD811E00A02004 /* ViewModels */,
				77406E3329DD4E6E00D2A8FE /* Controllers */,
				77406E2829DD4C8A00D2A8FE /* Assets.xcassets */,
				77406E2A29DD4C8A00D2A8FE /* LaunchScreen.storyboard */,
				77406E2D29DD4C8A00D2A8FE /* Info.plist */,
				778C8B7629EE7CA700981338 /* NetflixCloneModel.xcdatamodeld */,
			);
			path = NetflixClone;
			sourceTree = "<group>";
		};
		77406E3329DD4E6E00D2A8FE /* Controllers */ = {
			isa = PBXGroup;
			children = (
				778C8B7129EE74D000981338 /* General */,
				778C8B7029EE74C400981338 /* Core */,
			);
			path = Controllers;
			sourceTree = "<group>";
		};
		778C8B7029EE74C400981338 /* Core */ = {
			isa = PBXGroup;
			children = (
				77406E2329DD4C8800D2A8FE /* MainTabBarViewController.swift */,
				77406E3A29DD4FD300D2A8FE /* DownloadsViewController.swift */,
				77406E3829DD4F6B00D2A8FE /* SearchViewController.swift */,
				77406E3629DD4F1000D2A8FE /* UpcomingViewController.swift */,
				77406E3429DD4E9600D2A8FE /* HomeViewController.swift */,
			);
			path = Core;
			sourceTree = "<group>";
		};
		778C8B7129EE74D000981338 /* General */ = {
			isa = PBXGroup;
			children = (
				778C8B7429EE75D400981338 /* TitlePreviewViewController.swift */,
				778C8B7229EE756400981338 /* SearchResultsViewController.swift */,
			);
			path = General;
			sourceTree = "<group>";
		};
		77E0C00129DD811300A02004 /* Views */ = {
			isa = PBXGroup;
			children = (
				77E0C00629DD81F000A02004 /* CollectionViewTableViewCell.swift */,
				77E0C00829DD953E00A02004 /* HeroHeaderUIView.swift */,
				778C8B6329ED5D8300981338 /* TitleCollectionViewCell.swift */,
				778C8B6A29ED5E4600981338 /* TitleTableViewCell.swift */,
			);
			path = Views;
			sourceTree = "<group>";
		};
		77E0C00229DD811E00A02004 /* ViewModels */ = {
			isa = PBXGroup;
			children = (
				778C8B6C29ED5E6400981338 /* TitleViewModel.swift */,
				778C8B6E29ED5E7400981338 /* TitlePreviewViewModel.swift */,
			);
			path = ViewModels;
			sourceTree = "<group>";
		};
		77E0C00329DD813100A02004 /* Models */ = {
			isa = PBXGroup;
			children = (
				7713DD0A29E3DBBD0032DA51 /* Title.swift */,
				778C8B6129ED5D0400981338 /* YoutubeSearchResponse.swift */,
			);
			path = Models;
			sourceTree = "<group>";
		};
		77E0C00429DD817400A02004 /* Recources */ = {
			isa = PBXGroup;
			children = (
				77406E2129DD4C8800D2A8FE /* SceneDelegate.swift */,
				77406E1F29DD4C8800D2A8FE /* AppDelegate.swift */,
				7713DD0C29E3E0B40032DA51 /* Extensions.swift */,
			);
			path = Recources;
			sourceTree = "<group>";
		};
		77E0C00529DD818B00A02004 /* Managers */ = {
			isa = PBXGroup;
			children = (
				7740A2B329E013580022AD1F /* APICaller.swift */,
				778C8B5F29ED5CD300981338 /* DataPersistenceManager.swift */,
			);
			path = Managers;
			sourceTree = "<group>";
		};
/* End PBXGroup section */

/* Begin PBXNativeTarget section */
		77406E1B29DD4C8800D2A8FE /* NetflixClone */ = {
			isa = PBXNativeTarget;
			buildConfigurationList = 77406E3029DD4C8A00D2A8FE /* Build configuration list for PBXNativeTarget "NetflixClone" */;
			buildPhases = (
				77406E1829DD4C8800D2A8FE /* Sources */,
				77406E1929DD4C8800D2A8FE /* Frameworks */,
				77406E1A29DD4C8800D2A8FE /* Resources */,
			);
			buildRules = (
			);
			dependencies = (
			);
			name = NetflixClone;
			packageProductDependencies = (
				778C8B6629ED5DA300981338 /* SDWebImage */,
				778C8B6829ED5DA300981338 /* SDWebImageMapKit */,
			);
			productName = NetflixClone;
			productReference = 77406E1C29DD4C8800D2A8FE /* NetflixClone.app */;
			productType = "com.apple.product-type.application";
		};
/* End PBXNativeTarget section */

/* Begin PBXProject section */
		77406E1429DD4C8800D2A8FE /* Project object */ = {
			isa = PBXProject;
			attributes = {
				BuildIndependentTargetsInParallel = 1;
				LastSwiftUpdateCheck = 1420;
				LastUpgradeCheck = 1420;
				TargetAttributes = {
					77406E1B29DD4C8800D2A8FE = {
						CreatedOnToolsVersion = 14.2;
					};
				};
			};
			buildConfigurationList = 77406E1729DD4C8800D2A8FE /* Build configuration list for PBXProject "NetflixClone" */;
			compatibilityVersion = "Xcode 14.0";
			developmentRegion = en;
			hasScannedForEncodings = 0;
			knownRegions = (
				en,
				Base,
			);
			mainGroup = 77406E1329DD4C8800D2A8FE;
			packageReferences = (
				778C8B6529ED5DA300981338 /* XCRemoteSwiftPackageReference "SDWebImage" */,
			);
			productRefGroup = 77406E1D29DD4C8800D2A8FE /* Products */;
			projectDirPath = "";
			projectRoot = "";
			targets = (
				77406E1B29DD4C8800D2A8FE /* NetflixClone */,
			);
		};
/* End PBXProject section */

/* Begin PBXResourcesBuildPhase section */
		77406E1A29DD4C8800D2A8FE /* Resources */ = {
			isa = PBXResourcesBuildPhase;
			buildActionMask = 2147483647;
			files = (
				77406E2C29DD4C8A00D2A8FE /* LaunchScreen.storyboard in Resources */,
				77406E2929DD4C8A00D2A8FE /* Assets.xcassets in Resources */,
			);
			runOnlyForDeploymentPostprocessing = 0;
		};
/* End PBXResourcesBuildPhase section */

/* Begin PBXSourcesBuildPhase section */
		77406E1829DD4C8800D2A8FE /* Sources */ = {
			isa = PBXSourcesBuildPhase;
			buildActionMask = 2147483647;
			files = (
				778C8B6F29ED5E7400981338 /* TitlePreviewViewModel.swift in Sources */,
				77406E3929DD4F6B00D2A8FE /* SearchViewController.swift in Sources */,
				77406E2429DD4C8800D2A8FE /* MainTabBarViewController.swift in Sources */,
				77E0C00729DD81F000A02004 /* CollectionViewTableViewCell.swift in Sources */,
				7740A2B429E013580022AD1F /* APICaller.swift in Sources */,
				77E0C00929DD953E00A02004 /* HeroHeaderUIView.swift in Sources */,
				77406E3B29DD4FD300D2A8FE /* DownloadsViewController.swift in Sources */,
				77406E2029DD4C8800D2A8FE /* AppDelegate.swift in Sources */,
				7713DD0D29E3E0B40032DA51 /* Extensions.swift in Sources */,
				778C8B6B29ED5E4600981338 /* TitleTableViewCell.swift in Sources */,
				778C8B6D29ED5E6400981338 /* TitleViewModel.swift in Sources */,
				77406E2229DD4C8800D2A8FE /* SceneDelegate.swift in Sources */,
				778C8B7529EE75D400981338 /* TitlePreviewViewController.swift in Sources */,
				778C8B7329EE756400981338 /* SearchResultsViewController.swift in Sources */,
				77406E3729DD4F1000D2A8FE /* UpcomingViewController.swift in Sources */,
				778C8B7829EE7CA700981338 /* NetflixCloneModel.xcdatamodeld in Sources */,
				778C8B6029ED5CD300981338 /* DataPersistenceManager.swift in Sources */,
				7713DD0B29E3DBBD0032DA51 /* Title.swift in Sources */,
				778C8B6429ED5D8300981338 /* TitleCollectionViewCell.swift in Sources */,
				778C8B6229ED5D0400981338 /* YoutubeSearchResponse.swift in Sources */,
				77406E3529DD4E9600D2A8FE /* HomeViewController.swift in Sources */,
			);
			runOnlyForDeploymentPostprocessing = 0;
		};
/* End PBXSourcesBuildPhase section */

/* Begin PBXVariantGroup section */
		77406E2A29DD4C8A00D2A8FE /* LaunchScreen.storyboard */ = {
			isa = PBXVariantGroup;
			children = (
				77406E2B29DD4C8A00D2A8FE /* Base */,
			);
			name = LaunchScreen.storyboard;
			sourceTree = "<group>";
		};
/* End PBXVariantGroup section */

/* Begin XCBuildConfiguration section */
		77406E2E29DD4C8A00D2A8FE /* Debug */ = {
			isa = XCBuildConfiguration;
			buildSettings = {
				ALWAYS_SEARCH_USER_PATHS = NO;
				CLANG_ANALYZER_NONNULL = YES;
				CLANG_ANALYZER_NUMBER_OBJECT_CONVERSION = YES_AGGRESSIVE;
				CLANG_CXX_LANGUAGE_STANDARD = "gnu++20";
				CLANG_ENABLE_MODULES = YES;
				CLANG_ENABLE_OBJC_ARC = YES;
				CLANG_ENABLE_OBJC_WEAK = YES;
				CLANG_WARN_BLOCK_CAPTURE_AUTORELEASING = YES;
				CLANG_WARN_BOOL_CONVERSION = YES;
				CLANG_WARN_COMMA = YES;
				CLANG_WARN_CONSTANT_CONVERSION = YES;
				CLANG_WARN_DEPRECATED_OBJC_IMPLEMENTATIONS = YES;
				CLANG_WARN_DIRECT_OBJC_ISA_USAGE = YES_ERROR;
				CLANG_WARN_DOCUMENTATION_COMMENTS = YES;
				CLANG_WARN_EMPTY_BODY = YES;
				CLANG_WARN_ENUM_CONVERSION = YES;
				CLANG_WARN_INFINITE_RECURSION = YES;
				CLANG_WARN_INT_CONVERSION = YES;
				CLANG_WARN_NON_LITERAL_NULL_CONVERSION = YES;
				CLANG_WARN_OBJC_IMPLICIT_RETAIN_SELF = YES;
				CLANG_WARN_OBJC_LITERAL_CONVERSION = YES;
				CLANG_WARN_OBJC_ROOT_CLASS = YES_ERROR;
				CLANG_WARN_QUOTED_INCLUDE_IN_FRAMEWORK_HEADER = YES;
				CLANG_WARN_RANGE_LOOP_ANALYSIS = YES;
				CLANG_WARN_STRICT_PROTOTYPES = YES;
				CLANG_WARN_SUSPICIOUS_MOVE = YES;
				CLANG_WARN_UNGUARDED_AVAILABILITY = YES_AGGRESSIVE;
				CLANG_WARN_UNREACHABLE_CODE = YES;
				CLANG_WARN__DUPLICATE_METHOD_MATCH = YES;
				COPY_PHASE_STRIP = NO;
				DEBUG_INFORMATION_FORMAT = dwarf;
				ENABLE_STRICT_OBJC_MSGSEND = YES;
				ENABLE_TESTABILITY = YES;
				GCC_C_LANGUAGE_STANDARD = gnu11;
				GCC_DYNAMIC_NO_PIC = NO;
				GCC_NO_COMMON_BLOCKS = YES;
				GCC_OPTIMIZATION_LEVEL = 0;
				GCC_PREPROCESSOR_DEFINITIONS = (
					"DEBUG=1",
					"$(inherited)",
				);
				GCC_WARN_64_TO_32_BIT_CONVERSION = YES;
				GCC_WARN_ABOUT_RETURN_TYPE = YES_ERROR;
				GCC_WARN_UNDECLARED_SELECTOR = YES;
				GCC_WARN_UNINITIALIZED_AUTOS = YES_AGGRESSIVE;
				GCC_WARN_UNUSED_FUNCTION = YES;
				GCC_WARN_UNUSED_VARIABLE = YES;
				IPHONEOS_DEPLOYMENT_TARGET = 15.0;
				MTL_ENABLE_DEBUG_INFO = INCLUDE_SOURCE;
				MTL_FAST_MATH = YES;
				ONLY_ACTIVE_ARCH = YES;
				SDKROOT = iphoneos;
				SWIFT_ACTIVE_COMPILATION_CONDITIONS = DEBUG;
				SWIFT_OPTIMIZATION_LEVEL = "-Onone";
			};
			name = Debug;
		};
		77406E2F29DD4C8A00D2A8FE /* Release */ = {
			isa = XCBuildConfiguration;
			buildSettings = {
				ALWAYS_SEARCH_USER_PATHS = NO;
				CLANG_ANALYZER_NONNULL = YES;
				CLANG_ANALYZER_NUMBER_OBJECT_CONVERSION = YES_AGGRESSIVE;
				CLANG_CXX_LANGUAGE_STANDARD = "gnu++20";
				CLANG_ENABLE_MODULES = YES;
				CLANG_ENABLE_OBJC_ARC = YES;
				CLANG_ENABLE_OBJC_WEAK = YES;
				CLANG_WARN_BLOCK_CAPTURE_AUTORELEASING = YES;
				CLANG_WARN_BOOL_CONVERSION = YES;
				CLANG_WARN_COMMA = YES;
				CLANG_WARN_CONSTANT_CONVERSION = YES;
				CLANG_WARN_DEPRECATED_OBJC_IMPLEMENTATIONS = YES;
				CLANG_WARN_DIRECT_OBJC_ISA_USAGE = YES_ERROR;
				CLANG_WARN_DOCUMENTATION_COMMENTS = YES;
				CLANG_WARN_EMPTY_BODY = YES;
				CLANG_WARN_ENUM_CONVERSION = YES;
				CLANG_WARN_INFINITE_RECURSION = YES;
				CLANG_WARN_INT_CONVERSION = YES;
				CLANG_WARN_NON_LITERAL_NULL_CONVERSION = YES;
				CLANG_WARN_OBJC_IMPLICIT_RETAIN_SELF = YES;
				CLANG_WARN_OBJC_LITERAL_CONVERSION = YES;
				CLANG_WARN_OBJC_ROOT_CLASS = YES_ERROR;
				CLANG_WARN_QUOTED_INCLUDE_IN_FRAMEWORK_HEADER = YES;
				CLANG_WARN_RANGE_LOOP_ANALYSIS = YES;
				CLANG_WARN_STRICT_PROTOTYPES = YES;
				CLANG_WARN_SUSPICIOUS_MOVE = YES;
				CLANG_WARN_UNGUARDED_AVAILABILITY = YES_AGGRESSIVE;
				CLANG_WARN_UNREACHABLE_CODE = YES;
				CLANG_WARN__DUPLICATE_METHOD_MATCH = YES;
				COPY_PHASE_STRIP = NO;
				DEBUG_INFORMATION_FORMAT = "dwarf-with-dsym";
				ENABLE_NS_ASSERTIONS = NO;
				ENABLE_STRICT_OBJC_MSGSEND = YES;
				GCC_C_LANGUAGE_STANDARD = gnu11;
				GCC_NO_COMMON_BLOCKS = YES;
				GCC_WARN_64_TO_32_BIT_CONVERSION = YES;
				GCC_WARN_ABOUT_RETURN_TYPE = YES_ERROR;
				GCC_WARN_UNDECLARED_SELECTOR = YES;
				GCC_WARN_UNINITIALIZED_AUTOS = YES_AGGRESSIVE;
				GCC_WARN_UNUSED_FUNCTION = YES;
				GCC_WARN_UNUSED_VARIABLE = YES;
				IPHONEOS_DEPLOYMENT_TARGET = 15.0;
				MTL_ENABLE_DEBUG_INFO = NO;
				MTL_FAST_MATH = YES;
				SDKROOT = iphoneos;
				SWIFT_COMPILATION_MODE = wholemodule;
				SWIFT_OPTIMIZATION_LEVEL = "-O";
				VALIDATE_PRODUCT = YES;
			};
			name = Release;
		};
		77406E3129DD4C8A00D2A8FE /* Debug */ = {
			isa = XCBuildConfiguration;
			buildSettings = {
				ASSETCATALOG_COMPILER_APPICON_NAME = AppIcon;
				ASSETCATALOG_COMPILER_GLOBAL_ACCENT_COLOR_NAME = AccentColor;
				CODE_SIGN_STYLE = Automatic;
				CURRENT_PROJECT_VERSION = 1;
				DEVELOPMENT_TEAM = 5LCT387HLX;
				GENERATE_INFOPLIST_FILE = YES;
				INFOPLIST_FILE = NetflixClone/Info.plist;
				INFOPLIST_KEY_UIApplicationSupportsIndirectInputEvents = YES;
				INFOPLIST_KEY_UILaunchStoryboardName = LaunchScreen;
				INFOPLIST_KEY_UISupportedInterfaceOrientations_iPad = "UIInterfaceOrientationPortrait UIInterfaceOrientationPortraitUpsideDown UIInterfaceOrientationLandscapeLeft UIInterfaceOrientationLandscapeRight";
				INFOPLIST_KEY_UISupportedInterfaceOrientations_iPhone = "UIInterfaceOrientationPortrait UIInterfaceOrientationLandscapeLeft UIInterfaceOrientationLandscapeRight";
				IPHONEOS_DEPLOYMENT_TARGET = 15.0;
				LD_RUNPATH_SEARCH_PATHS = (
					"$(inherited)",
					"@executable_path/Frameworks",
				);
				MARKETING_VERSION = 1.0;
				PRODUCT_BUNDLE_IDENTIFIER = Azamat.NetflixClone;
				PRODUCT_NAME = "$(TARGET_NAME)";
				SWIFT_EMIT_LOC_STRINGS = YES;
				SWIFT_VERSION = 5.0;
				TARGETED_DEVICE_FAMILY = "1,2";
			};
			name = Debug;
		};
		77406E3229DD4C8A00D2A8FE /* Release */ = {
			isa = XCBuildConfiguration;
			buildSettings = {
				ASSETCATALOG_COMPILER_APPICON_NAME = AppIcon;
				ASSETCATALOG_COMPILER_GLOBAL_ACCENT_COLOR_NAME = AccentColor;
				CODE_SIGN_STYLE = Automatic;
				CURRENT_PROJECT_VERSION = 1;
				DEVELOPMENT_TEAM = 5LCT387HLX;
				GENERATE_INFOPLIST_FILE = YES;
				INFOPLIST_FILE = NetflixClone/Info.plist;
				INFOPLIST_KEY_UIApplicationSupportsIndirectInputEvents = YES;
				INFOPLIST_KEY_UILaunchStoryboardName = LaunchScreen;
				INFOPLIST_KEY_UISupportedInterfaceOrientations_iPad = "UIInterfaceOrientationPortrait UIInterfaceOrientationPortraitUpsideDown UIInterfaceOrientationLandscapeLeft UIInterfaceOrientationLandscapeRight";
				INFOPLIST_KEY_UISupportedInterfaceOrientations_iPhone = "UIInterfaceOrientationPortrait UIInterfaceOrientationLandscapeLeft UIInterfaceOrientationLandscapeRight";
				IPHONEOS_DEPLOYMENT_TARGET = 15.0;
				LD_RUNPATH_SEARCH_PATHS = (
					"$(inherited)",
					"@executable_path/Frameworks",
				);
				MARKETING_VERSION = 1.0;
				PRODUCT_BUNDLE_IDENTIFIER = Azamat.NetflixClone;
				PRODUCT_NAME = "$(TARGET_NAME)";
				SWIFT_EMIT_LOC_STRINGS = YES;
				SWIFT_VERSION = 5.0;
				TARGETED_DEVICE_FAMILY = "1,2";
			};
			name = Release;
		};
/* End XCBuildConfiguration section */

/* Begin XCConfigurationList section */
		77406E1729DD4C8800D2A8FE /* Build configuration list for PBXProject "NetflixClone" */ = {
			isa = XCConfigurationList;
			buildConfigurations = (
				77406E2E29DD4C8A00D2A8FE /* Debug */,
				77406E2F29DD4C8A00D2A8FE /* Release */,
			);
			defaultConfigurationIsVisible = 0;
			defaultConfigurationName = Release;
		};
		77406E3029DD4C8A00D2A8FE /* Build configuration list for PBXNativeTarget "NetflixClone" */ = {
			isa = XCConfigurationList;
			buildConfigurations = (
				77406E3129DD4C8A00D2A8FE /* Debug */,
				77406E3229DD4C8A00D2A8FE /* Release */,
			);
			defaultConfigurationIsVisible = 0;
			defaultConfigurationName = Release;
		};
/* End XCConfigurationList section */

/* Begin XCRemoteSwiftPackageReference section */
		778C8B6529ED5DA300981338 /* XCRemoteSwiftPackageReference "SDWebImage" */ = {
			isa = XCRemoteSwiftPackageReference;
			repositoryURL = "https://github.com/SDWebImage/SDWebImage.git";
			requirement = {
				branch = master;
				kind = branch;
			};
		};
/* End XCRemoteSwiftPackageReference section */

/* Begin XCSwiftPackageProductDependency section */
		778C8B6629ED5DA300981338 /* SDWebImage */ = {
			isa = XCSwiftPackageProductDependency;
			package = 778C8B6529ED5DA300981338 /* XCRemoteSwiftPackageReference "SDWebImage" */;
			productName = SDWebImage;
		};
		778C8B6829ED5DA300981338 /* SDWebImageMapKit */ = {
			isa = XCSwiftPackageProductDependency;
			package = 778C8B6529ED5DA300981338 /* XCRemoteSwiftPackageReference "SDWebImage" */;
			productName = SDWebImageMapKit;
		};
/* End XCSwiftPackageProductDependency section */

/* Begin XCVersionGroup section */
		778C8B7629EE7CA700981338 /* NetflixCloneModel.xcdatamodeld */ = {
			isa = XCVersionGroup;
			children = (
				778C8B7729EE7CA700981338 /* NetflixCloneModel.xcdatamodel */,
			);
			currentVersion = 778C8B7729EE7CA700981338 /* NetflixCloneModel.xcdatamodel */;
			path = NetflixCloneModel.xcdatamodeld;
			sourceTree = "<group>";
			versionGroupType = wrapper.xcdatamodel;
		};
/* End XCVersionGroup section */
	};
	rootObject = 77406E1429DD4C8800D2A8FE /* Project object */;
}
